
Microsoft Visual Studio Solution File, Format Version 12.00
# Visual Studio 15
VisualStudioVersion = 15.0.27004.2002
MinimumVisualStudioVersion = 10.0.40219.1
Project("{FAE04EC0-301F-11D3-BF4B-00C04F79EFBC}") = "订单管理", "订单管理\订单管理.csproj", "{D8762CF6-43DC-4BF4-A6B1-D918EF51408D}"
EndProject
Global
	GlobalSection(SolutionConfigurationPlatforms) = preSolution
		Debug|Any CPU = Debug|Any CPU
		Release|Any CPU = Release|Any CPU
	EndGlobalSection
	GlobalSection(ProjectConfigurationPlatforms) = postSolution
		{D8762CF6-43DC-4BF4-A6B1-D918EF51408D}.Debug|Any CPU.ActiveCfg = Debug|Any CPU
		{D8762CF6-43DC-4BF4-A6B1-D918EF51408D}.Debug|Any CPU.Build.0 = Debug|Any CPU
		{D8762CF6-43DC-4BF4-A6B1-D918EF51408D}.Release|Any CPU.ActiveCfg = Release|Any CPU
		{D8762CF6-43DC-4BF4-A6B1-D918EF51408D}.Release|Any CPU.Build.0 = Release|Any CPU
	EndGlobalSection
	GlobalSection(SolutionProperties) = preSolution
		HideSolutionNode = FALSE
	EndGlobalSection
	GlobalSection(ExtensibilityGlobals) = postSolution
		SolutionGuid = {BE404B29-CEE1-4B51-BFDF-045B9855C141}
	EndGlobalSection
EndGlobal
